
Microsoft Visual Studio Solution File, Format Version 12.00
# Visual Studio Version 16
VisualStudioVersion = 16.0.32002.261
MinimumVisualStudioVersion = 10.0.40219.1
Project("{9A19103F-16F7-4668-BE54-9A1E7A4F7556}") = "AspNetCoreNHibernate", "AspNetCoreNHibernate.csproj", "{3F5A7EE7-D837-4396-8728-90CC6701A19D}"
EndProject
Global
	GlobalSection(SolutionConfigurationPlatforms) = preSolution
		Debug|Any CPU = Debug|Any CPU
		Release|Any CPU = Release|Any CPU
	EndGlobalSection
	GlobalSection(ProjectConfigurationPlatforms) = postSolution
		{3F5A7EE7-D837-4396-8728-90CC6701A19D}.Debug|Any CPU.ActiveCfg = Debug|Any CPU
		{3F5A7EE7-D837-4396-8728-90CC6701A19D}.Debug|Any CPU.Build.0 = Debug|Any CPU
		{3F5A7EE7-D837-4396-8728-90CC6701A19D}.Release|Any CPU.ActiveCfg = Release|Any CPU
		{3F5A7EE7-D837-4396-8728-90CC6701A19D}.Release|Any CPU.Build.0 = Release|Any CPU
	EndGlobalSection
	GlobalSection(SolutionProperties) = preSolution
		HideSolutionNode = FALSE
	EndGlobalSection
	GlobalSection(ExtensibilityGlobals) = postSolution
		SolutionGuid = {C9AE41C0-B3AB-40B1-9703-95E36CF12B39}
	EndGlobalSection
EndGlobal
